
Microsoft Visual Studio Solution File, Format Version 12.00
Project("{FAE04EC0-301F-11D3-BF4B-00C04F79EFBC}") = "Betfair", "Betfair\Betfair.csproj", "{C7422900-A96B-41F5-B88E-259B7F56B0EC}"
EndProject
Global
	GlobalSection(SolutionConfigurationPlatforms) = preSolution
		Debug|Any CPU = Debug|Any CPU
		Release|Any CPU = Release|Any CPU
	EndGlobalSection
	GlobalSection(ProjectConfigurationPlatforms) = postSolution
		{C7422900-A96B-41F5-B88E-259B7F56B0EC}.Debug|Any CPU.ActiveCfg = Debug|Any CPU
		{C7422900-A96B-41F5-B88E-259B7F56B0EC}.Debug|Any CPU.Build.0 = Debug|Any CPU
		{C7422900-A96B-41F5-B88E-259B7F56B0EC}.Release|Any CPU.ActiveCfg = Release|Any CPU
		{C7422900-A96B-41F5-B88E-259B7F56B0EC}.Release|Any CPU.Build.0 = Release|Any CPU
	EndGlobalSection
EndGlobal
